
Microsoft Visual Studio Solution File, Format Version 12.00
# Visual Studio Version 16
VisualStudioVersion = 16.0.30621.155
MinimumVisualStudioVersion = 10.0.40219.1
Project("{FAE04EC0-301F-11D3-BF4B-00C04F79EFBC}") = "ConsoleApp1", "ConsoleApp1\ConsoleApp1.csproj", "{319200FB-477C-4AAF-BB89-4C95C2273CBD}"
EndProject
Global
	GlobalSection(SolutionConfigurationPlatforms) = preSolution
		Debug|Any CPU = Debug|Any CPU
		Release|Any CPU = Release|Any CPU
	EndGlobalSection
	GlobalSection(ProjectConfigurationPlatforms) = postSolution
		{319200FB-477C-4AAF-BB89-4C95C2273CBD}.Debug|Any CPU.ActiveCfg = Debug|Any CPU
		{319200FB-477C-4AAF-BB89-4C95C2273CBD}.Debug|Any CPU.Build.0 = Debug|Any CPU
		{319200FB-477C-4AAF-BB89-4C95C2273CBD}.Release|Any CPU.ActiveCfg = Release|Any CPU
		{319200FB-477C-4AAF-BB89-4C95C2273CBD}.Release|Any CPU.Build.0 = Release|Any CPU
	EndGlobalSection
	GlobalSection(SolutionProperties) = preSolution
		HideSolutionNode = FALSE
	EndGlobalSection
	GlobalSection(ExtensibilityGlobals) = postSolution
		SolutionGuid = {F1344D23-A65F-4E8E-9D18-3A984F5CB77D}
	EndGlobalSection
EndGlobal
